
Microsoft Visual Studio Solution File, Format Version 12.00
# Visual Studio Version 17
VisualStudioVersion = 17.5.33414.496
MinimumVisualStudioVersion = 10.0.40219.1
Project("{9A19103F-16F7-4668-BE54-9A1E7A4F7556}") = "TheShop", "TheShop\TheShop.csproj", "{F639A8B9-0B50-4983-A9AD-90CE9BEE1A0F}"
EndProject
Project("{9A19103F-16F7-4668-BE54-9A1E7A4F7556}") = "TheShop.Domain", "TheShop.Domain\TheShop.Domain.csproj", "{BF06801E-A491-4471-8E70-EDFCAA33D904}"
EndProject
Project("{9A19103F-16F7-4668-BE54-9A1E7A4F7556}") = "TheShop.DataAccess", "TheShop.DataAccess\TheShop.DataAccess.csproj", "{CDA09172-B537-4CB9-814C-0DBF495AD8C6}"
EndProject
Project("{FAE04EC0-301F-11D3-BF4B-00C04F79EFBC}") = "TheShop.Specifications", "TheShop.Specifications\TheShop.Specifications.csproj", "{2B705121-578F-47F5-A978-A62DB168FA82}"
EndProject
Project("{FAE04EC0-301F-11D3-BF4B-00C04F79EFBC}") = "TheShop.DTOs", "TheShop.DTOs\TheShop.DTOs.csproj", "{3B41CCA6-103F-4A0B-8DFE-02A866503920}"
EndProject
Global
	GlobalSection(SolutionConfigurationPlatforms) = preSolution
		Debug|Any CPU = Debug|Any CPU
		Release|Any CPU = Release|Any CPU
	EndGlobalSection
	GlobalSection(ProjectConfigurationPlatforms) = postSolution
		{F639A8B9-0B50-4983-A9AD-90CE9BEE1A0F}.Debug|Any CPU.ActiveCfg = Debug|Any CPU
		{F639A8B9-0B50-4983-A9AD-90CE9BEE1A0F}.Debug|Any CPU.Build.0 = Debug|Any CPU
		{F639A8B9-0B50-4983-A9AD-90CE9BEE1A0F}.Release|Any CPU.ActiveCfg = Release|Any CPU
		{F639A8B9-0B50-4983-A9AD-90CE9BEE1A0F}.Release|Any CPU.Build.0 = Release|Any CPU
		{BF06801E-A491-4471-8E70-EDFCAA33D904}.Debug|Any CPU.ActiveCfg = Debug|Any CPU
		{BF06801E-A491-4471-8E70-EDFCAA33D904}.Debug|Any CPU.Build.0 = Debug|Any CPU
		{BF06801E-A491-4471-8E70-EDFCAA33D904}.Release|Any CPU.ActiveCfg = Release|Any CPU
		{BF06801E-A491-4471-8E70-EDFCAA33D904}.Release|Any CPU.Build.0 = Release|Any CPU
		{CDA09172-B537-4CB9-814C-0DBF495AD8C6}.Debug|Any CPU.ActiveCfg = Debug|Any CPU
		{CDA09172-B537-4CB9-814C-0DBF495AD8C6}.Debug|Any CPU.Build.0 = Debug|Any CPU
		{CDA09172-B537-4CB9-814C-0DBF495AD8C6}.Release|Any CPU.ActiveCfg = Release|Any CPU
		{CDA09172-B537-4CB9-814C-0DBF495AD8C6}.Release|Any CPU.Build.0 = Release|Any CPU
		{2B705121-578F-47F5-A978-A62DB168FA82}.Debug|Any CPU.ActiveCfg = Debug|Any CPU
		{2B705121-578F-47F5-A978-A62DB168FA82}.Debug|Any CPU.Build.0 = Debug|Any CPU
		{2B705121-578F-47F5-A978-A62DB168FA82}.Release|Any CPU.ActiveCfg = Release|Any CPU
		{2B705121-578F-47F5-A978-A62DB168FA82}.Release|Any CPU.Build.0 = Release|Any CPU
		{3B41CCA6-103F-4A0B-8DFE-02A866503920}.Debug|Any CPU.ActiveCfg = Debug|Any CPU
		{3B41CCA6-103F-4A0B-8DFE-02A866503920}.Debug|Any CPU.Build.0 = Debug|Any CPU
		{3B41CCA6-103F-4A0B-8DFE-02A866503920}.Release|Any CPU.ActiveCfg = Release|Any CPU
		{3B41CCA6-103F-4A0B-8DFE-02A866503920}.Release|Any CPU.Build.0 = Release|Any CPU
	EndGlobalSection
	GlobalSection(SolutionProperties) = preSolution
		HideSolutionNode = FALSE
	EndGlobalSection
	GlobalSection(ExtensibilityGlobals) = postSolution
		SolutionGuid = {49BE62EE-63F8-41FC-9DFB-105DD07A7A4C}
	EndGlobalSection
EndGlobal
